
Microsoft Visual Studio Solution File, Format Version 12.00
# Visual Studio Version 16
VisualStudioVersion = 16.0.32602.291
MinimumVisualStudioVersion = 10.0.40219.1
Project("{FAE04EC0-301F-11D3-BF4B-00C04F79EFBC}") = "lab_1.1", "Labs\lab_1.1.csproj", "{42AE7649-D539-4642-AC53-DEF203C8D20C}"
EndProject
Project("{FAE04EC0-301F-11D3-BF4B-00C04F79EFBC}") = "lab_1.2", "lab_2\lab_1.2.csproj", "{88E06EFE-820A-4F0A-9B43-70A3B662C2E4}"
EndProject
Project("{2150E333-8FDC-42A3-9474-1A3956D46DE8}") = "Solution Items", "Solution Items", "{560BCD0F-6078-4FF9-87E7-45C5696F0B9A}"
	ProjectSection(SolutionItems) = preProject
		README.md = README.md
	EndProjectSection
EndProject
Global
	GlobalSection(SolutionConfigurationPlatforms) = preSolution
		Debug|Any CPU = Debug|Any CPU
		Release|Any CPU = Release|Any CPU
	EndGlobalSection
	GlobalSection(ProjectConfigurationPlatforms) = postSolution
		{42AE7649-D539-4642-AC53-DEF203C8D20C}.Debug|Any CPU.ActiveCfg = Debug|Any CPU
		{42AE7649-D539-4642-AC53-DEF203C8D20C}.Debug|Any CPU.Build.0 = Debug|Any CPU
		{42AE7649-D539-4642-AC53-DEF203C8D20C}.Release|Any CPU.ActiveCfg = Release|Any CPU
		{42AE7649-D539-4642-AC53-DEF203C8D20C}.Release|Any CPU.Build.0 = Release|Any CPU
		{88E06EFE-820A-4F0A-9B43-70A3B662C2E4}.Debug|Any CPU.ActiveCfg = Debug|Any CPU
		{88E06EFE-820A-4F0A-9B43-70A3B662C2E4}.Debug|Any CPU.Build.0 = Debug|Any CPU
		{88E06EFE-820A-4F0A-9B43-70A3B662C2E4}.Release|Any CPU.ActiveCfg = Release|Any CPU
		{88E06EFE-820A-4F0A-9B43-70A3B662C2E4}.Release|Any CPU.Build.0 = Release|Any CPU
	EndGlobalSection
	GlobalSection(SolutionProperties) = preSolution
		HideSolutionNode = FALSE
	EndGlobalSection
	GlobalSection(ExtensibilityGlobals) = postSolution
		SolutionGuid = {0E9DEB92-76B6-49D7-B326-B1723C843859}
	EndGlobalSection
EndGlobal
